
Microsoft Visual Studio Solution File, Format Version 12.00
# Visual Studio 2010
Project("{8BC9CEB8-8B4A-11D0-8D11-00A0C91BC942}") = "Hazard", "Hazard\Hazard.vcxproj", "{504179E7-6D11-4B2C-9172-3293E8739C3F}"
EndProject
Global
	GlobalSection(SolutionConfigurationPlatforms) = preSolution
		Debug|Win32 = Debug|Win32
		Release|Win32 = Release|Win32
	EndGlobalSection
	GlobalSection(ProjectConfigurationPlatforms) = postSolution
		{504179E7-6D11-4B2C-9172-3293E8739C3F}.Debug|Win32.ActiveCfg = Debug|Win32
		{504179E7-6D11-4B2C-9172-3293E8739C3F}.Debug|Win32.Build.0 = Debug|Win32
		{504179E7-6D11-4B2C-9172-3293E8739C3F}.Release|Win32.ActiveCfg = Release|Win32
		{504179E7-6D11-4B2C-9172-3293E8739C3F}.Release|Win32.Build.0 = Release|Win32
	EndGlobalSection
	GlobalSection(SolutionProperties) = preSolution
		HideSolutionNode = FALSE
	EndGlobalSection
EndGlobal
